
Microsoft Visual Studio Solution File, Format Version 12.00
# Visual Studio 14
VisualStudioVersion = 14.0.24720.0
MinimumVisualStudioVersion = 10.0.40219.1
Project("{FAE04EC0-301F-11D3-BF4B-00C04F79EFBC}") = "ProjectIM", "ProjectIM\ProjectIM.csproj", "{DA7C85C7-3831-4FDD-9FB9-AE1EE0196B7E}"
EndProject
Project("{2150E333-8FDC-42A3-9474-1A3956D46DE8}") = "Content", "Content", "{DCBCF37F-BAF4-41CC-8EFF-732413DEF998}"
	ProjectSection(SolutionItems) = preProject
		..\..\..\..\Desktop\Entourage.png = ..\..\..\..\Desktop\Entourage.png
		..\..\..\..\Desktop\rsz_51910-back-left-arrow-circular-button.png = ..\..\..\..\Desktop\rsz_51910-back-left-arrow-circular-button.png
	EndProjectSection
EndProject
Global
	GlobalSection(SolutionConfigurationPlatforms) = preSolution
		Debug|Any CPU = Debug|Any CPU
		Release|Any CPU = Release|Any CPU
	EndGlobalSection
	GlobalSection(ProjectConfigurationPlatforms) = postSolution
		{DA7C85C7-3831-4FDD-9FB9-AE1EE0196B7E}.Debug|Any CPU.ActiveCfg = Debug|Any CPU
		{DA7C85C7-3831-4FDD-9FB9-AE1EE0196B7E}.Debug|Any CPU.Build.0 = Debug|Any CPU
		{DA7C85C7-3831-4FDD-9FB9-AE1EE0196B7E}.Release|Any CPU.ActiveCfg = Release|Any CPU
		{DA7C85C7-3831-4FDD-9FB9-AE1EE0196B7E}.Release|Any CPU.Build.0 = Release|Any CPU
	EndGlobalSection
	GlobalSection(SolutionProperties) = preSolution
		HideSolutionNode = FALSE
	EndGlobalSection
EndGlobal
